
Microsoft Visual Studio Solution File, Format Version 12.00
# Visual Studio Version 16
VisualStudioVersion = 16.0.32126.315
MinimumVisualStudioVersion = 10.0.40219.1
Project("{9A19103F-16F7-4668-BE54-9A1E7A4F7556}") = "StoreWebApi", "StoreWebApi\StoreWebApi.csproj", "{A46A95A4-2917-481A-84AC-A71BDA569371}"
EndProject
Project("{9A19103F-16F7-4668-BE54-9A1E7A4F7556}") = "Domain", "Domain\Domain.csproj", "{49AC61DE-7317-4D4C-A40D-B65F45E6F7C1}"
EndProject
Project("{2150E333-8FDC-42A3-9474-1A3956D46DE8}") = "src", "src", "{04BBFBFE-C3B9-48FA-9755-21F7D7A27B13}"
EndProject
Project("{9A19103F-16F7-4668-BE54-9A1E7A4F7556}") = "Infrastructure", "Infrastructure\Infrastructure.csproj", "{45447989-84E1-4CB8-B7AB-812AC2818504}"
EndProject
Project("{2150E333-8FDC-42A3-9474-1A3956D46DE8}") = "tests", "tests", "{EB432E58-64C1-4280-974A-CF84D317D796}"
EndProject
Global
	GlobalSection(SolutionConfigurationPlatforms) = preSolution
		Debug|Any CPU = Debug|Any CPU
		Release|Any CPU = Release|Any CPU
	EndGlobalSection
	GlobalSection(ProjectConfigurationPlatforms) = postSolution
		{A46A95A4-2917-481A-84AC-A71BDA569371}.Debug|Any CPU.ActiveCfg = Debug|Any CPU
		{A46A95A4-2917-481A-84AC-A71BDA569371}.Debug|Any CPU.Build.0 = Debug|Any CPU
		{A46A95A4-2917-481A-84AC-A71BDA569371}.Release|Any CPU.ActiveCfg = Release|Any CPU
		{A46A95A4-2917-481A-84AC-A71BDA569371}.Release|Any CPU.Build.0 = Release|Any CPU
		{49AC61DE-7317-4D4C-A40D-B65F45E6F7C1}.Debug|Any CPU.ActiveCfg = Debug|Any CPU
		{49AC61DE-7317-4D4C-A40D-B65F45E6F7C1}.Debug|Any CPU.Build.0 = Debug|Any CPU
		{49AC61DE-7317-4D4C-A40D-B65F45E6F7C1}.Release|Any CPU.ActiveCfg = Release|Any CPU
		{49AC61DE-7317-4D4C-A40D-B65F45E6F7C1}.Release|Any CPU.Build.0 = Release|Any CPU
		{45447989-84E1-4CB8-B7AB-812AC2818504}.Debug|Any CPU.ActiveCfg = Debug|Any CPU
		{45447989-84E1-4CB8-B7AB-812AC2818504}.Debug|Any CPU.Build.0 = Debug|Any CPU
		{45447989-84E1-4CB8-B7AB-812AC2818504}.Release|Any CPU.ActiveCfg = Release|Any CPU
		{45447989-84E1-4CB8-B7AB-812AC2818504}.Release|Any CPU.Build.0 = Release|Any CPU
	EndGlobalSection
	GlobalSection(SolutionProperties) = preSolution
		HideSolutionNode = FALSE
	EndGlobalSection
	GlobalSection(NestedProjects) = preSolution
		{A46A95A4-2917-481A-84AC-A71BDA569371} = {04BBFBFE-C3B9-48FA-9755-21F7D7A27B13}
		{49AC61DE-7317-4D4C-A40D-B65F45E6F7C1} = {04BBFBFE-C3B9-48FA-9755-21F7D7A27B13}
		{45447989-84E1-4CB8-B7AB-812AC2818504} = {04BBFBFE-C3B9-48FA-9755-21F7D7A27B13}
	EndGlobalSection
	GlobalSection(ExtensibilityGlobals) = postSolution
		SolutionGuid = {7343C14B-D907-4D0D-984C-A9DE861E551B}
	EndGlobalSection
EndGlobal
